
Microsoft Visual Studio Solution File, Format Version 12.00
# Visual Studio Version 17
VisualStudioVersion = 17.14.36518.9 d17.14
MinimumVisualStudioVersion = 10.0.40219.1
Project("{FAE04EC0-301F-11D3-BF4B-00C04F79EFBC}") = "Nature", "Nature\Nature.csproj", "{3A3E13F1-A64C-4A22-B75B-99E7F1AD8295}"
EndProject
Global
	GlobalSection(SolutionConfigurationPlatforms) = preSolution
		Debug|Any CPU = Debug|Any CPU
		Release|Any CPU = Release|Any CPU
	EndGlobalSection
	GlobalSection(ProjectConfigurationPlatforms) = postSolution
		{3A3E13F1-A64C-4A22-B75B-99E7F1AD8295}.Debug|Any CPU.ActiveCfg = Debug|Any CPU
		{3A3E13F1-A64C-4A22-B75B-99E7F1AD8295}.Debug|Any CPU.Build.0 = Debug|Any CPU
		{3A3E13F1-A64C-4A22-B75B-99E7F1AD8295}.Release|Any CPU.ActiveCfg = Release|Any CPU
		{3A3E13F1-A64C-4A22-B75B-99E7F1AD8295}.Release|Any CPU.Build.0 = Release|Any CPU
	EndGlobalSection
	GlobalSection(SolutionProperties) = preSolution
		HideSolutionNode = FALSE
	EndGlobalSection
	GlobalSection(ExtensibilityGlobals) = postSolution
		SolutionGuid = {3FD82F8E-F854-46E4-BF0F-A5718B71CB0D}
	EndGlobalSection
EndGlobal
