
Microsoft Visual Studio Solution File, Format Version 12.00
# Visual Studio Version 17
VisualStudioVersion = 17.14.36518.9
MinimumVisualStudioVersion = 10.0.40219.1
Project("{FAE04EC0-301F-11D3-BF4B-00C04F79EFBC}") = "SumOfRangeOfNumbers", "IterationAndRecursion\SumOfRangeOfNumbers.csproj", "{E39E3E08-7AB4-43DA-ABF8-09D4FDEDC89E}"
EndProject
Project("{FAE04EC0-301F-11D3-BF4B-00C04F79EFBC}") = "Palindrome", "Palindrome\Palindrome.csproj", "{D6FC6991-5B6A-488F-9375-EF3B3B177B58}"
EndProject
Project("{FAE04EC0-301F-11D3-BF4B-00C04F79EFBC}") = "ReverseString", "ReverseString\ReverseString.csproj", "{5699EBA5-26AC-4837-A618-6103D2606DE6}"
EndProject
Project("{FAE04EC0-301F-11D3-BF4B-00C04F79EFBC}") = "CountDigitsOfNumber", "CountDigitsOfNumber\CountDigitsOfNumber.csproj", "{7EA0CE85-08F2-4A84-AADA-CACAA501D130}"
EndProject
Project("{FAE04EC0-301F-11D3-BF4B-00C04F79EFBC}") = "SumOfDigitsOfANumber", "SumOfDigitsOfANumber\SumOfDigitsOfANumber.csproj", "{A956E023-8C32-448F-9E38-C0B85C278F25}"
EndProject
Project("{FAE04EC0-301F-11D3-BF4B-00C04F79EFBC}") = "LargestElementOfArray", "LargestElementOfArray\LargestElementOfArray.csproj", "{5DADF090-0C5B-4757-8FF5-115F78BF28D9}"
EndProject
Project("{FAE04EC0-301F-11D3-BF4B-00C04F79EFBC}") = "LeastCommonMultiple", "LeastCommonMultiple\LeastCommonMultiple.csproj", "{05170A18-A88C-4BA0-A5A3-23767CC584C3}"
EndProject
Project("{FAE04EC0-301F-11D3-BF4B-00C04F79EFBC}") = "ProductOfNumbers", "ProductOfNumbers\ProductOfNumbers.csproj", "{906947BC-63EE-444D-943C-18EB36387760}"
EndProject
Project("{FAE04EC0-301F-11D3-BF4B-00C04F79EFBC}") = "PerfectSquare", "PerfectSquare\PerfectSquare.csproj", "{27FD0111-2A21-408C-89B7-0243A0F69CE5}"
EndProject
Global
	GlobalSection(SolutionConfigurationPlatforms) = preSolution
		Debug|Any CPU = Debug|Any CPU
		Release|Any CPU = Release|Any CPU
	EndGlobalSection
	GlobalSection(ProjectConfigurationPlatforms) = postSolution
		{E39E3E08-7AB4-43DA-ABF8-09D4FDEDC89E}.Debug|Any CPU.ActiveCfg = Debug|Any CPU
		{E39E3E08-7AB4-43DA-ABF8-09D4FDEDC89E}.Debug|Any CPU.Build.0 = Debug|Any CPU
		{E39E3E08-7AB4-43DA-ABF8-09D4FDEDC89E}.Release|Any CPU.ActiveCfg = Release|Any CPU
		{E39E3E08-7AB4-43DA-ABF8-09D4FDEDC89E}.Release|Any CPU.Build.0 = Release|Any CPU
		{D6FC6991-5B6A-488F-9375-EF3B3B177B58}.Debug|Any CPU.ActiveCfg = Debug|Any CPU
		{D6FC6991-5B6A-488F-9375-EF3B3B177B58}.Debug|Any CPU.Build.0 = Debug|Any CPU
		{D6FC6991-5B6A-488F-9375-EF3B3B177B58}.Release|Any CPU.ActiveCfg = Release|Any CPU
		{D6FC6991-5B6A-488F-9375-EF3B3B177B58}.Release|Any CPU.Build.0 = Release|Any CPU
		{5699EBA5-26AC-4837-A618-6103D2606DE6}.Debug|Any CPU.ActiveCfg = Debug|Any CPU
		{5699EBA5-26AC-4837-A618-6103D2606DE6}.Debug|Any CPU.Build.0 = Debug|Any CPU
		{5699EBA5-26AC-4837-A618-6103D2606DE6}.Release|Any CPU.ActiveCfg = Release|Any CPU
		{5699EBA5-26AC-4837-A618-6103D2606DE6}.Release|Any CPU.Build.0 = Release|Any CPU
		{7EA0CE85-08F2-4A84-AADA-CACAA501D130}.Debug|Any CPU.ActiveCfg = Debug|Any CPU
		{7EA0CE85-08F2-4A84-AADA-CACAA501D130}.Debug|Any CPU.Build.0 = Debug|Any CPU
		{7EA0CE85-08F2-4A84-AADA-CACAA501D130}.Release|Any CPU.ActiveCfg = Release|Any CPU
		{7EA0CE85-08F2-4A84-AADA-CACAA501D130}.Release|Any CPU.Build.0 = Release|Any CPU
		{A956E023-8C32-448F-9E38-C0B85C278F25}.Debug|Any CPU.ActiveCfg = Debug|Any CPU
		{A956E023-8C32-448F-9E38-C0B85C278F25}.Debug|Any CPU.Build.0 = Debug|Any CPU
		{A956E023-8C32-448F-9E38-C0B85C278F25}.Release|Any CPU.ActiveCfg = Release|Any CPU
		{A956E023-8C32-448F-9E38-C0B85C278F25}.Release|Any CPU.Build.0 = Release|Any CPU
		{5DADF090-0C5B-4757-8FF5-115F78BF28D9}.Debug|Any CPU.ActiveCfg = Debug|Any CPU
		{5DADF090-0C5B-4757-8FF5-115F78BF28D9}.Debug|Any CPU.Build.0 = Debug|Any CPU
		{5DADF090-0C5B-4757-8FF5-115F78BF28D9}.Release|Any CPU.ActiveCfg = Release|Any CPU
		{5DADF090-0C5B-4757-8FF5-115F78BF28D9}.Release|Any CPU.Build.0 = Release|Any CPU
		{05170A18-A88C-4BA0-A5A3-23767CC584C3}.Debug|Any CPU.ActiveCfg = Debug|Any CPU
		{05170A18-A88C-4BA0-A5A3-23767CC584C3}.Debug|Any CPU.Build.0 = Debug|Any CPU
		{05170A18-A88C-4BA0-A5A3-23767CC584C3}.Release|Any CPU.ActiveCfg = Release|Any CPU
		{05170A18-A88C-4BA0-A5A3-23767CC584C3}.Release|Any CPU.Build.0 = Release|Any CPU
		{906947BC-63EE-444D-943C-18EB36387760}.Debug|Any CPU.ActiveCfg = Debug|Any CPU
		{906947BC-63EE-444D-943C-18EB36387760}.Debug|Any CPU.Build.0 = Debug|Any CPU
		{906947BC-63EE-444D-943C-18EB36387760}.Release|Any CPU.ActiveCfg = Release|Any CPU
		{906947BC-63EE-444D-943C-18EB36387760}.Release|Any CPU.Build.0 = Release|Any CPU
		{27FD0111-2A21-408C-89B7-0243A0F69CE5}.Debug|Any CPU.ActiveCfg = Debug|Any CPU
		{27FD0111-2A21-408C-89B7-0243A0F69CE5}.Debug|Any CPU.Build.0 = Debug|Any CPU
		{27FD0111-2A21-408C-89B7-0243A0F69CE5}.Release|Any CPU.ActiveCfg = Release|Any CPU
		{27FD0111-2A21-408C-89B7-0243A0F69CE5}.Release|Any CPU.Build.0 = Release|Any CPU
	EndGlobalSection
	GlobalSection(SolutionProperties) = preSolution
		HideSolutionNode = FALSE
	EndGlobalSection
	GlobalSection(ExtensibilityGlobals) = postSolution
		SolutionGuid = {18222781-516E-4106-9679-34CF0C993993}
	EndGlobalSection
EndGlobal
