
Microsoft Visual Studio Solution File, Format Version 12.00
# Visual Studio Version 17
VisualStudioVersion = 17.13.35913.81 d17.13
MinimumVisualStudioVersion = 10.0.40219.1
Project("{FAE04EC0-301F-11D3-BF4B-00C04F79EFBC}") = "Exercises Algorithms and Data Structures", "Exercises Algorithms and Data Structures\Exercises Algorithms and Data Structures.csproj", "{FA2B495E-B10B-4A85-8CF6-01B7BA8AC485}"
EndProject
Global
	GlobalSection(SolutionConfigurationPlatforms) = preSolution
		Debug|Any CPU = Debug|Any CPU
		Release|Any CPU = Release|Any CPU
	EndGlobalSection
	GlobalSection(ProjectConfigurationPlatforms) = postSolution
		{FA2B495E-B10B-4A85-8CF6-01B7BA8AC485}.Debug|Any CPU.ActiveCfg = Debug|Any CPU
		{FA2B495E-B10B-4A85-8CF6-01B7BA8AC485}.Debug|Any CPU.Build.0 = Debug|Any CPU
		{FA2B495E-B10B-4A85-8CF6-01B7BA8AC485}.Release|Any CPU.ActiveCfg = Release|Any CPU
		{FA2B495E-B10B-4A85-8CF6-01B7BA8AC485}.Release|Any CPU.Build.0 = Release|Any CPU
	EndGlobalSection
	GlobalSection(SolutionProperties) = preSolution
		HideSolutionNode = FALSE
	EndGlobalSection
	GlobalSection(ExtensibilityGlobals) = postSolution
		SolutionGuid = {1A0BF64E-324B-47BE-8F4E-61761AC95D78}
	EndGlobalSection
EndGlobal
