
Microsoft Visual Studio Solution File, Format Version 12.00
# Visual Studio Version 17
VisualStudioVersion = 17.13.35913.81 d17.13
MinimumVisualStudioVersion = 10.0.40219.1
Project("{FAE04EC0-301F-11D3-BF4B-00C04F79EFBC}") = "Web11", "Web11\Web11.csproj", "{2EE5D0B6-D7CD-433E-9229-72EA55EA2875}"
EndProject
Global
	GlobalSection(SolutionConfigurationPlatforms) = preSolution
		Debug|Any CPU = Debug|Any CPU
		Release|Any CPU = Release|Any CPU
	EndGlobalSection
	GlobalSection(ProjectConfigurationPlatforms) = postSolution
		{2EE5D0B6-D7CD-433E-9229-72EA55EA2875}.Debug|Any CPU.ActiveCfg = Debug|Any CPU
		{2EE5D0B6-D7CD-433E-9229-72EA55EA2875}.Debug|Any CPU.Build.0 = Debug|Any CPU
		{2EE5D0B6-D7CD-433E-9229-72EA55EA2875}.Release|Any CPU.ActiveCfg = Release|Any CPU
		{2EE5D0B6-D7CD-433E-9229-72EA55EA2875}.Release|Any CPU.Build.0 = Release|Any CPU
	EndGlobalSection
	GlobalSection(SolutionProperties) = preSolution
		HideSolutionNode = FALSE
	EndGlobalSection
	GlobalSection(ExtensibilityGlobals) = postSolution
		SolutionGuid = {58BAE160-9147-4AF7-977E-D889F156C26E}
	EndGlobalSection
EndGlobal
