
Microsoft Visual Studio Solution File, Format Version 12.00
# Visual Studio Version 17
VisualStudioVersion = 17.11.35222.181
MinimumVisualStudioVersion = 10.0.40219.1
Project("{FAE04EC0-301F-11D3-BF4B-00C04F79EFBC}") = "NotepadK", "NotepadK\NotepadK.csproj", "{47EA110E-4C38-4EC5-95C3-57D69D892564}"
EndProject
Global
	GlobalSection(SolutionConfigurationPlatforms) = preSolution
		Debug|Any CPU = Debug|Any CPU
		Release|Any CPU = Release|Any CPU
	EndGlobalSection
	GlobalSection(ProjectConfigurationPlatforms) = postSolution
		{47EA110E-4C38-4EC5-95C3-57D69D892564}.Debug|Any CPU.ActiveCfg = Debug|Any CPU
		{47EA110E-4C38-4EC5-95C3-57D69D892564}.Debug|Any CPU.Build.0 = Debug|Any CPU
		{47EA110E-4C38-4EC5-95C3-57D69D892564}.Release|Any CPU.ActiveCfg = Release|Any CPU
		{47EA110E-4C38-4EC5-95C3-57D69D892564}.Release|Any CPU.Build.0 = Release|Any CPU
	EndGlobalSection
	GlobalSection(SolutionProperties) = preSolution
		HideSolutionNode = FALSE
	EndGlobalSection
	GlobalSection(ExtensibilityGlobals) = postSolution
		SolutionGuid = {70E16C8C-BAF9-4909-8A14-4E6DA1717B49}
	EndGlobalSection
EndGlobal
