
Microsoft Visual Studio Solution File, Format Version 12.00
# Visual Studio Version 17
VisualStudioVersion = 17.13.35913.81 d17.13
MinimumVisualStudioVersion = 10.0.40219.1
Project("{FAE04EC0-301F-11D3-BF4B-00C04F79EFBC}") = "Web10", "Web10\Web10.csproj", "{19A43FCC-4F92-46E8-91AD-48B6389106B2}"
EndProject
Global
	GlobalSection(SolutionConfigurationPlatforms) = preSolution
		Debug|Any CPU = Debug|Any CPU
		Release|Any CPU = Release|Any CPU
	EndGlobalSection
	GlobalSection(ProjectConfigurationPlatforms) = postSolution
		{19A43FCC-4F92-46E8-91AD-48B6389106B2}.Debug|Any CPU.ActiveCfg = Debug|Any CPU
		{19A43FCC-4F92-46E8-91AD-48B6389106B2}.Debug|Any CPU.Build.0 = Debug|Any CPU
		{19A43FCC-4F92-46E8-91AD-48B6389106B2}.Release|Any CPU.ActiveCfg = Release|Any CPU
		{19A43FCC-4F92-46E8-91AD-48B6389106B2}.Release|Any CPU.Build.0 = Release|Any CPU
	EndGlobalSection
	GlobalSection(SolutionProperties) = preSolution
		HideSolutionNode = FALSE
	EndGlobalSection
	GlobalSection(ExtensibilityGlobals) = postSolution
		SolutionGuid = {FE4B65EB-773B-49A0-840B-22AF6EB5AE0B}
	EndGlobalSection
EndGlobal
